
Microsoft Visual Studio Solution File, Format Version 12.00
# Visual Studio Version 17
VisualStudioVersion = 17.1.32228.430
MinimumVisualStudioVersion = 10.0.40219.1
Project("{FAE04EC0-301F-11D3-BF4B-00C04F79EFBC}") = "lab3fixV2", "lab3fixV2.csproj", "{03EC77FA-DCFC-4495-94B6-31D98D79BB18}"
EndProject
Global
	GlobalSection(SolutionConfigurationPlatforms) = preSolution
		Debug|Any CPU = Debug|Any CPU
		Release|Any CPU = Release|Any CPU
	EndGlobalSection
	GlobalSection(ProjectConfigurationPlatforms) = postSolution
		{03EC77FA-DCFC-4495-94B6-31D98D79BB18}.Debug|Any CPU.ActiveCfg = Debug|Any CPU
		{03EC77FA-DCFC-4495-94B6-31D98D79BB18}.Debug|Any CPU.Build.0 = Debug|Any CPU
		{03EC77FA-DCFC-4495-94B6-31D98D79BB18}.Release|Any CPU.ActiveCfg = Release|Any CPU
		{03EC77FA-DCFC-4495-94B6-31D98D79BB18}.Release|Any CPU.Build.0 = Release|Any CPU
	EndGlobalSection
	GlobalSection(SolutionProperties) = preSolution
		HideSolutionNode = FALSE
	EndGlobalSection
	GlobalSection(ExtensibilityGlobals) = postSolution
		SolutionGuid = {D893B647-22BF-4BB3-B29E-CC7A75AFD275}
	EndGlobalSection
EndGlobal
